// !$*UTF8*$!
{
	archiveVersion = 1;
	classes = {
	};
	objectVersion = 50;
	objects = {

/* Begin PBXBuildFile section */
		C9F7D2DE20C1C1820000960B /* AppDelegate.swift in Sources */ = {isa = PBXBuildFile; fileRef = C9F7D2DD20C1C1820000960B /* AppDelegate.swift */; };
		C9F7D2E020C1C1820000960B /* ViewController.swift in Sources */ = {isa = PBXBuildFile; fileRef = C9F7D2DF20C1C1820000960B /* ViewController.swift */; };
		C9F7D2E320C1C1820000960B /* Main.storyboard in Resources */ = {isa = PBXBuildFile; fileRef = C9F7D2E120C1C1820000960B /* Main.storyboard */; };
		C9F7D2E520C1C19D0000960B /* Assets.xcassets in Resources */ = {isa = PBXBuildFile; fileRef = C9F7D2E420C1C19D0000960B /* Assets.xcassets */; };
		C9F7D2E820C1C19D0000960B /* LaunchScreen.storyboard in Resources */ = {isa = PBXBuildFile; fileRef = C9F7D2E620C1C19D0000960B /* LaunchScreen.storyboard */; };
		C9F7D2F320C1C19D0000960B /* PaintTests.swift in Sources */ = {isa = PBXBuildFile; fileRef = C9F7D2F220C1C19D0000960B /* PaintTests.swift */; };
		C9F7D2FE20C1C19D0000960B /* PaintUITests.swift in Sources */ = {isa = PBXBuildFile; fileRef = C9F7D2FD20C1C19D0000960B /* PaintUITests.swift */; };
/* End PBXBuildFile section */

/* Begin PBXContainerItemProxy section */
		C9F7D2EF20C1C19D0000960B /* PBXContainerItemProxy */ = {
			isa = PBXContainerItemProxy;
			containerPortal = C9F7D2D220C1C1810000960B /* Project object */;
			proxyType = 1;
			remoteGlobalIDString = C9F7D2D920C1C1820000960B;
			remoteInfo = Paint;
		};
		C9F7D2FA20C1C19D0000960B /* PBXContainerItemProxy */ = {
			isa = PBXContainerItemProxy;
			containerPortal = C9F7D2D220C1C1810000960B /* Project object */;
			proxyType = 1;
			remoteGlobalIDString = C9F7D2D920C1C1820000960B;
			remoteInfo = Paint;
		};
/* End PBXContainerItemProxy section */

/* Begin PBXFileReference section */
		C9F7D2DA20C1C1820000960B /* Paint.app */ = {isa = PBXFileReference; explicitFileType = wrapper.application; includeInIndex = 0; path = Paint.app; sourceTree = BUILT_PRODUCTS_DIR; };
		C9F7D2DD20C1C1820000960B /* AppDelegate.swift */ = {isa = PBXFileReference; lastKnownFileType = sourcecode.swift; path = AppDelegate.swift; sourceTree = "<group>"; };
		C9F7D2DF20C1C1820000960B /* ViewController.swift */ = {isa = PBXFileReference; lastKnownFileType = sourcecode.swift; path = ViewController.swift; sourceTree = "<group>"; };
		C9F7D2E220C1C1820000960B /* Base */ = {isa = PBXFileReference; lastKnownFileType = file.storyboard; name = Base; path = Base.lproj/Main.storyboard; sourceTree = "<group>"; };
		C9F7D2E420C1C19D0000960B /* Assets.xcassets */ = {isa = PBXFileReference; lastKnownFileType = folder.assetcatalog; path = Assets.xcassets; sourceTree = "<group>"; };
		C9F7D2E720C1C19D0000960B /* Base */ = {isa = PBXFileReference; lastKnownFileType = file.storyboard; name = Base; path = Base.lproj/LaunchScreen.storyboard; sourceTree = "<group>"; };
		C9F7D2E920C1C19D0000960B /* Info.plist */ = {isa = PBXFileReference; lastKnownFileType = text.plist.xml; path = Info.plist; sourceTree = "<group>"; };
		C9F7D2EE20C1C19D0000960B /* PaintTests.xctest */ = {isa = PBXFileReference; explicitFileType = wrapper.cfbundle; includeInIndex = 0; path = PaintTests.xctest; sourceTree = BUILT_PRODUCTS_DIR; };
		C9F7D2F220C1C19D0000960B /* PaintTests.swift */ = {isa = PBXFileReference; lastKnownFileType = sourcecode.swift; path = PaintTests.swift; sourceTree = "<group>"; };
		C9F7D2F420C1C19D0000960B /* Info.plist */ = {isa = PBXFileReference; lastKnownFileType = text.plist.xml; path = Info.plist; sourceTree = "<group>"; };
		C9F7D2F920C1C19D0000960B /* PaintUITests.xctest */ = {isa = PBXFileReference; explicitFileType = wrapper.cfbundle; includeInIndex = 0; path = PaintUITests.xctest; sourceTree = BUILT_PRODUCTS_DIR; };
		C9F7D2FD20C1C19D0000960B /* PaintUITests.swift */ = {isa = PBXFileReference; lastKnownFileType = sourcecode.swift; path = PaintUITests.swift; sourceTree = "<group>"; };
		C9F7D2FF20C1C19D0000960B /* Info.plist */ = {isa = PBXFileReference; lastKnownFileType = text.plist.xml; path = Info.plist; sourceTree = "<group>"; };
/* End PBXFileReference section */

/* Begin PBXFrameworksBuildPhase section */
		C9F7D2D720C1C1820000960B /* Frameworks */ = {
			isa = PBXFrameworksBuildPhase;
			buildActionMask = 2147483647;
			files = (
			);
			runOnlyForDeploymentPostprocessing = 0;
		};
		C9F7D2EB20C1C19D0000960B /* Frameworks */ = {
			isa = PBXFrameworksBuildPhase;
			buildActionMask = 2147483647;
			files = (
			);
			runOnlyForDeploymentPostprocessing = 0;
		};
		C9F7D2F620C1C19D0000960B /* Frameworks */ = {
			isa = PBXFrameworksBuildPhase;
			buildActionMask = 2147483647;
			files = (
			);
			runOnlyForDeploymentPostprocessing = 0;
		};
/* End PBXFrameworksBuildPhase section */

/* Begin PBXGroup section */
		C9F7D2D120C1C1810000960B = {
			isa = PBXGroup;
			children = (
				C9F7D2DC20C1C1820000960B /* Paint */,
				C9F7D2F120C1C19D0000960B /* PaintTests */,
				C9F7D2FC20C1C19D0000960B /* PaintUITests */,
				C9F7D2DB20C1C1820000960B /* Products */,
			);
			sourceTree = "<group>";
		};
		C9F7D2DB20C1C1820000960B /* Products */ = {
			isa = PBXGroup;
			children = (
				C9F7D2DA20C1C1820000960B /* Paint.app */,
				C9F7D2EE20C1C19D0000960B /* PaintTests.xctest */,
				C9F7D2F920C1C19D0000960B /* PaintUITests.xctest */,
			);
			name = Products;
			sourceTree = "<group>";
		};
		C9F7D2DC20C1C1820000960B /* Paint */ = {
			isa = PBXGroup;
			children = (
				C9F7D2DD20C1C1820000960B /* AppDelegate.swift */,
				C9F7D2DF20C1C1820000960B /* ViewController.swift */,
				C9F7D2E120C1C1820000960B /* Main.storyboard */,
				C9F7D2E420C1C19D0000960B /* Assets.xcassets */,
				C9F7D2E620C1C19D0000960B /* LaunchScreen.storyboard */,
				C9F7D2E920C1C19D0000960B /* Info.plist */,
			);
			path = Paint;
			sourceTree = "<group>";
		};
		C9F7D2F120C1C19D0000960B /* PaintTests */ = {
			isa = PBXGroup;
			children = (
				C9F7D2F220C1C19D0000960B /* PaintTests.swift */,
				C9F7D2F420C1C19D0000960B /* Info.plist */,
			);
			path = PaintTests;
			sourceTree = "<group>";
		};
		C9F7D2FC20C1C19D0000960B /* PaintUITests */ = {
			isa = PBXGroup;
			children = (
				C9F7D2FD20C1C19D0000960B /* PaintUITests.swift */,
				C9F7D2FF20C1C19D0000960B /* Info.plist */,
			);
			path = PaintUITests;
			sourceTree = "<group>";
		};
/* End PBXGroup section */

/* Begin PBXNativeTarget section */
		C9F7D2D920C1C1820000960B /* Paint */ = {
			isa = PBXNativeTarget;
			buildConfigurationList = C9F7D30220C1C19D0000960B /* Build configuration list for PBXNativeTarget "Paint" */;
			buildPhases = (
				C9F7D2D620C1C1820000960B /* Sources */,
				C9F7D2D720C1C1820000960B /* Frameworks */,
				C9F7D2D820C1C1820000960B /* Resources */,
			);
			buildRules = (
			);
			dependencies = (
			);
			name = Paint;
			productName = Paint;
			productReference = C9F7D2DA20C1C1820000960B /* Paint.app */;
			productType = "com.apple.product-type.application";
		};
		C9F7D2ED20C1C19D0000960B /* PaintTests */ = {
			isa = PBXNativeTarget;
			buildConfigurationList = C9F7D30520C1C19D0000960B /* Build configuration list for PBXNativeTarget "PaintTests" */;
			buildPhases = (
				C9F7D2EA20C1C19D0000960B /* Sources */,
				C9F7D2EB20C1C19D0000960B /* Frameworks */,
				C9F7D2EC20C1C19D0000960B /* Resources */,
			);
			buildRules = (
			);
			dependencies = (
				C9F7D2F020C1C19D0000960B /* PBXTargetDependency */,
			);
			name = PaintTests;
			productName = PaintTests;
			productReference = C9F7D2EE20C1C19D0000960B /* PaintTests.xctest */;
			productType = "com.apple.product-type.bundle.unit-test";
		};
		C9F7D2F820C1C19D0000960B /* PaintUITests */ = {
			isa = PBXNativeTarget;
			buildConfigurationList = C9F7D30820C1C19D0000960B /* Build configuration list for PBXNativeTarget "PaintUITests" */;
			buildPhases = (
				C9F7D2F520C1C19D0000960B /* Sources */,
				C9F7D2F620C1C19D0000960B /* Frameworks */,
				C9F7D2F720C1C19D0000960B /* Resources */,
			);
			buildRules = (
			);
			dependencies = (
				C9F7D2FB20C1C19D0000960B /* PBXTargetDependency */,
			);
			name = PaintUITests;
			productName = PaintUITests;
			productReference = C9F7D2F920C1C19D0000960B /* PaintUITests.xctest */;
			productType = "com.apple.product-type.bundle.ui-testing";
		};
/* End PBXNativeTarget section */

/* Begin PBXProject section */
		C9F7D2D220C1C1810000960B /* Project object */ = {
			isa = PBXProject;
			attributes = {
				LastSwiftUpdateCheck = 0940;
				LastUpgradeCheck = 0940;
				ORGANIZATIONNAME = "Anthony Schwartz";
				TargetAttributes = {
					C9F7D2D920C1C1820000960B = {
						CreatedOnToolsVersion = 9.4;
					};
					C9F7D2ED20C1C19D0000960B = {
						CreatedOnToolsVersion = 9.4;
						TestTargetID = C9F7D2D920C1C1820000960B;
					};
					C9F7D2F820C1C19D0000960B = {
						CreatedOnToolsVersion = 9.4;
						TestTargetID = C9F7D2D920C1C1820000960B;
					};
				};
			};
			buildConfigurationList = C9F7D2D520C1C1810000960B /* Build configuration list for PBXProject "Paint" */;
			compatibilityVersion = "Xcode 9.3";
			developmentRegion = en;
			hasScannedForEncodings = 0;
			knownRegions = (
				en,
				Base,
			);
			mainGroup = C9F7D2D120C1C1810000960B;
			productRefGroup = C9F7D2DB20C1C1820000960B /* Products */;
			projectDirPath = "";
			projectRoot = "";
			targets = (
				C9F7D2D920C1C1820000960B /* Paint */,
				C9F7D2ED20C1C19D0000960B /* PaintTests */,
				C9F7D2F820C1C19D0000960B /* PaintUITests */,
			);
		};
/* End PBXProject section */

/* Begin PBXResourcesBuildPhase section */
		C9F7D2D820C1C1820000960B /* Resources */ = {
			isa = PBXResourcesBuildPhase;
			buildActionMask = 2147483647;
			files = (
				C9F7D2E820C1C19D0000960B /* LaunchScreen.storyboard in Resources */,
				C9F7D2E520C1C19D0000960B /* Assets.xcassets in Resources */,
				C9F7D2E320C1C1820000960B /* Main.storyboard in Resources */,
			);
			runOnlyForDeploymentPostprocessing = 0;
		};
		C9F7D2EC20C1C19D0000960B /* Resources */ = {
			isa = PBXResourcesBuildPhase;
			buildActionMask = 2147483647;
			files = (
			);
			runOnlyForDeploymentPostprocessing = 0;
		};
		C9F7D2F720C1C19D0000960B /* Resources */ = {
			isa = PBXResourcesBuildPhase;
			buildActionMask = 2147483647;
			files = (
			);
			runOnlyForDeploymentPostprocessing = 0;
		};
/* End PBXResourcesBuildPhase section */

/* Begin PBXSourcesBuildPhase section */
		C9F7D2D620C1C1820000960B /* Sources */ = {
			isa = PBXSourcesBuildPhase;
			buildActionMask = 2147483647;
			files = (
				C9F7D2E020C1C1820000960B /* ViewController.swift in Sources */,
				C9F7D2DE20C1C1820000960B /* AppDelegate.swift in Sources */,
			);
			runOnlyForDeploymentPostprocessing = 0;
		};
		C9F7D2EA20C1C19D0000960B /* Sources */ = {
			isa = PBXSourcesBuildPhase;
			buildActionMask = 2147483647;
			files = (
				C9F7D2F320C1C19D0000960B /* PaintTests.swift in Sources */,
			);
			runOnlyForDeploymentPostprocessing = 0;
		};
		C9F7D2F520C1C19D0000960B /* Sources */ = {
			isa = PBXSourcesBuildPhase;
			buildActionMask = 2147483647;
			files = (
				C9F7D2FE20C1C19D0000960B /* PaintUITests.swift in Sources */,
			);
			runOnlyForDeploymentPostprocessing = 0;
		};
/* End PBXSourcesBuildPhase section */

/* Begin PBXTargetDependency section */
		C9F7D2F020C1C19D0000960B /* PBXTargetDependency */ = {
			isa = PBXTargetDependency;
			target = C9F7D2D920C1C1820000960B /* Paint */;
			targetProxy = C9F7D2EF20C1C19D0000960B /* PBXContainerItemProxy */;
		};
		C9F7D2FB20C1C19D0000960B /* PBXTargetDependency */ = {
			isa = PBXTargetDependency;
			target = C9F7D2D920C1C1820000960B /* Paint */;
			targetProxy = C9F7D2FA20C1C19D0000960B /* PBXContainerItemProxy */;
		};
/* End PBXTargetDependency section */

/* Begin PBXVariantGroup section */
		C9F7D2E120C1C1820000960B /* Main.storyboard */ = {
			isa = PBXVariantGroup;
			children = (
				C9F7D2E220C1C1820000960B /* Base */,
			);
			name = Main.storyboard;
			sourceTree = "<group>";
		};
		C9F7D2E620C1C19D0000960B /* LaunchScreen.storyboard */ = {
			isa = PBXVariantGroup;
			children = (
				C9F7D2E720C1C19D0000960B /* Base */,
			);
			name = LaunchScreen.storyboard;
			sourceTree = "<group>";
		};
/* End PBXVariantGroup section */

/* Begin XCBuildConfiguration section */
		C9F7D30020C1C19D0000960B /* Debug */ = {
			isa = XCBuildConfiguration;
			buildSettings = {
				ALWAYS_SEARCH_USER_PATHS = NO;
				CLANG_ANALYZER_NONNULL = YES;
				CLANG_ANALYZER_NUMBER_OBJECT_CONVERSION = YES_AGGRESSIVE;
				CLANG_CXX_LANGUAGE_STANDARD = "gnu++14";
				CLANG_CXX_LIBRARY = "libc++";
				CLANG_ENABLE_MODULES = YES;
				CLANG_ENABLE_OBJC_ARC = YES;
				CLANG_ENABLE_OBJC_WEAK = YES;
				CLANG_WARN_BLOCK_CAPTURE_AUTORELEASING = YES;
				CLANG_WARN_BOOL_CONVERSION = YES;
				CLANG_WARN_COMMA = YES;
				CLANG_WARN_CONSTANT_CONVERSION = YES;
				CLANG_WARN_DEPRECATED_OBJC_IMPLEMENTATIONS = YES;
				CLANG_WARN_DIRECT_OBJC_ISA_USAGE = YES_ERROR;
				CLANG_WARN_DOCUMENTATION_COMMENTS = YES;
				CLANG_WARN_EMPTY_BODY = YES;
				CLANG_WARN_ENUM_CONVERSION = YES;
				CLANG_WARN_INFINITE_RECURSION = YES;
				CLANG_WARN_INT_CONVERSION = YES;
				CLANG_WARN_NON_LITERAL_NULL_CONVERSION = YES;
				CLANG_WARN_OBJC_IMPLICIT_RETAIN_SELF = YES;
				CLANG_WARN_OBJC_LITERAL_CONVERSION = YES;
				CLANG_WARN_OBJC_ROOT_CLASS = YES_ERROR;
				CLANG_WARN_RANGE_LOOP_ANALYSIS = YES;
				CLANG_WARN_STRICT_PROTOTYPES = YES;
				CLANG_WARN_SUSPICIOUS_MOVE = YES;
				CLANG_WARN_UNGUARDED_AVAILABILITY = YES_AGGRESSIVE;
				CLANG_WARN_UNREACHABLE_CODE = YES;
				CLANG_WARN__DUPLICATE_METHOD_MATCH = YES;
				CODE_SIGN_IDENTITY = "iPhone Developer";
				COPY_PHASE_STRIP = NO;
				DEBUG_INFORMATION_FORMAT = dwarf;
				ENABLE_STRICT_OBJC_MSGSEND = YES;
				ENABLE_TESTABILITY = YES;
				GCC_C_LANGUAGE_STANDARD = gnu11;
				GCC_DYNAMIC_NO_PIC = NO;
				GCC_NO_COMMON_BLOCKS = YES;
				GCC_OPTIMIZATION_LEVEL = 0;
				GCC_PREPROCESSOR_DEFINITIONS = (
					"DEBUG=1",
					"$(inherited)",
				);
				GCC_WARN_64_TO_32_BIT_CONVERSION = YES;
				GCC_WARN_ABOUT_RETURN_TYPE = YES_ERROR;
				GCC_WARN_UNDECLARED_SELECTOR = YES;
				GCC_WARN_UNINITIALIZED_AUTOS = YES_AGGRESSIVE;
				GCC_WARN_UNUSED_FUNCTION = YES;
				GCC_WARN_UNUSED_VARIABLE = YES;
				IPHONEOS_DEPLOYMENT_TARGET = 11.4;
				MTL_ENABLE_DEBUG_INFO = YES;
				ONLY_ACTIVE_ARCH = YES;
				SDKROOT = iphoneos;
				SWIFT_ACTIVE_COMPILATION_CONDITIONS = DEBUG;
				SWIFT_OPTIMIZATION_LEVEL = "-Onone";
			};
			name = Debug;
		};
		C9F7D30120C1C19D0000960B /* Release */ = {
			isa = XCBuildConfiguration;
			buildSettings = {
				ALWAYS_SEARCH_USER_PATHS = NO;
				CLANG_ANALYZER_NONNULL = YES;
				CLANG_ANALYZER_NUMBER_OBJECT_CONVERSION = YES_AGGRESSIVE;
				CLANG_CXX_LANGUAGE_STANDARD = "gnu++14";
				CLANG_CXX_LIBRARY = "libc++";
				CLANG_ENABLE_MODULES = YES;
				CLANG_ENABLE_OBJC_ARC = YES;
				CLANG_ENABLE_OBJC_WEAK = YES;
				CLANG_WARN_BLOCK_CAPTURE_AUTORELEASING = YES;
				CLANG_WARN_BOOL_CONVERSION = YES;
				CLANG_WARN_COMMA = YES;
				CLANG_WARN_CONSTANT_CONVERSION = YES;
				CLANG_WARN_DEPRECATED_OBJC_IMPLEMENTATIONS = YES;
				CLANG_WARN_DIRECT_OBJC_ISA_USAGE = YES_ERROR;
				CLANG_WARN_DOCUMENTATION_COMMENTS = YES;
				CLANG_WARN_EMPTY_BODY = YES;
				CLANG_WARN_ENUM_CONVERSION = YES;
				CLANG_WARN_INFINITE_RECURSION = YES;
				CLANG_WARN_INT_CONVERSION = YES;
				CLANG_WARN_NON_LITERAL_NULL_CONVERSION = YES;
				CLANG_WARN_OBJC_IMPLICIT_RETAIN_SELF = YES;
				CLANG_WARN_OBJC_LITERAL_CONVERSION = YES;
				CLANG_WARN_OBJC_ROOT_CLASS = YES_ERROR;
				CLANG_WARN_RANGE_LOOP_ANALYSIS = YES;
				CLANG_WARN_STRICT_PROTOTYPES = YES;
				CLANG_WARN_SUSPICIOUS_MOVE = YES;
				CLANG_WARN_UNGUARDED_AVAILABILITY = YES_AGGRESSIVE;
				CLANG_WARN_UNREACHABLE_CODE = YES;
				CLANG_WARN__DUPLICATE_METHOD_MATCH = YES;
				CODE_SIGN_IDENTITY = "iPhone Developer";
				COPY_PHASE_STRIP = NO;
				DEBUG_INFORMATION_FORMAT = "dwarf-with-dsym";
				ENABLE_NS_ASSERTIONS = NO;
				ENABLE_STRICT_OBJC_MSGSEND = YES;
				GCC_C_LANGUAGE_STANDARD = gnu11;
				GCC_NO_COMMON_BLOCKS = YES;
				GCC_WARN_64_TO_32_BIT_CONVERSION = YES;
				GCC_WARN_ABOUT_RETURN_TYPE = YES_ERROR;
				GCC_WARN_UNDECLARED_SELECTOR = YES;
				GCC_WARN_UNINITIALIZED_AUTOS = YES_AGGRESSIVE;
				GCC_WARN_UNUSED_FUNCTION = YES;
				GCC_WARN_UNUSED_VARIABLE = YES;
				IPHONEOS_DEPLOYMENT_TARGET = 11.4;
				MTL_ENABLE_DEBUG_INFO = NO;
				SDKROOT = iphoneos;
				SWIFT_COMPILATION_MODE = wholemodule;
				SWIFT_OPTIMIZATION_LEVEL = "-O";
				VALIDATE_PRODUCT = YES;
			};
			name = Release;
		};
		C9F7D30320C1C19D0000960B /* Debug */ = {
			isa = XCBuildConfiguration;
			buildSettings = {
				ASSETCATALOG_COMPILER_APPICON_NAME = AppIcon;
				CODE_SIGN_STYLE = Automatic;
				DEVELOPMENT_TEAM = 6F8THZ2ZUB;
				INFOPLIST_FILE = Paint/Info.plist;
				LD_RUNPATH_SEARCH_PATHS = (
					"$(inherited)",
					"@executable_path/Frameworks",
				);
				PRODUCT_BUNDLE_IDENTIFIER = "com.the-neophyte.Paint";
				PRODUCT_NAME = "$(TARGET_NAME)";
				SWIFT_VERSION = 4.0;
				TARGETED_DEVICE_FAMILY = "1,2";
			};
			name = Debug;
		};
		C9F7D30420C1C19D0000960B /* Release */ = {
			isa = XCBuildConfiguration;
			buildSettings = {
				ASSETCATALOG_COMPILER_APPICON_NAME = AppIcon;
				CODE_SIGN_STYLE = Automatic;
				DEVELOPMENT_TEAM = 6F8THZ2ZUB;
				INFOPLIST_FILE = Paint/Info.plist;
				LD_RUNPATH_SEARCH_PATHS = (
					"$(inherited)",
					"@executable_path/Frameworks",
				);
				PRODUCT_BUNDLE_IDENTIFIER = "com.the-neophyte.Paint";
				PRODUCT_NAME = "$(TARGET_NAME)";
				SWIFT_VERSION = 4.0;
				TARGETED_DEVICE_FAMILY = "1,2";
			};
			name = Release;
		};
		C9F7D30620C1C19D0000960B /* Debug */ = {
			isa = XCBuildConfiguration;
			buildSettings = {
				ALWAYS_EMBED_SWIFT_STANDARD_LIBRARIES = YES;
				BUNDLE_LOADER = "$(TEST_HOST)";
				CODE_SIGN_STYLE = Automatic;
				DEVELOPMENT_TEAM = 6F8THZ2ZUB;
				INFOPLIST_FILE = PaintTests/Info.plist;
				LD_RUNPATH_SEARCH_PATHS = (
					"$(inherited)",
					"@executable_path/Frameworks",
					"@loader_path/Frameworks",
				);
				PRODUCT_BUNDLE_IDENTIFIER = "com.the-neophyte.PaintTests";
				PRODUCT_NAME = "$(TARGET_NAME)";
				SWIFT_VERSION = 4.0;
				TARGETED_DEVICE_FAMILY = "1,2";
				TEST_HOST = "$(BUILT_PRODUCTS_DIR)/Paint.app/Paint";
			};
			name = Debug;
		};
		C9F7D30720C1C19D0000960B /* Release */ = {
			isa = XCBuildConfiguration;
			buildSettings = {
				ALWAYS_EMBED_SWIFT_STANDARD_LIBRARIES = YES;
				BUNDLE_LOADER = "$(TEST_HOST)";
				CODE_SIGN_STYLE = Automatic;
				DEVELOPMENT_TEAM = 6F8THZ2ZUB;
				INFOPLIST_FILE = PaintTests/Info.plist;
				LD_RUNPATH_SEARCH_PATHS = (
					"$(inherited)",
					"@executable_path/Frameworks",
					"@loader_path/Frameworks",
				);
				PRODUCT_BUNDLE_IDENTIFIER = "com.the-neophyte.PaintTests";
				PRODUCT_NAME = "$(TARGET_NAME)";
				SWIFT_VERSION = 4.0;
				TARGETED_DEVICE_FAMILY = "1,2";
				TEST_HOST = "$(BUILT_PRODUCTS_DIR)/Paint.app/Paint";
			};
			name = Release;
		};
		C9F7D30920C1C19D0000960B /* Debug */ = {
			isa = XCBuildConfiguration;
			buildSettings = {
				ALWAYS_EMBED_SWIFT_STANDARD_LIBRARIES = YES;
				CODE_SIGN_STYLE = Automatic;
				DEVELOPMENT_TEAM = 6F8THZ2ZUB;
				INFOPLIST_FILE = PaintUITests/Info.plist;
				LD_RUNPATH_SEARCH_PATHS = (
					"$(inherited)",
					"@executable_path/Frameworks",
					"@loader_path/Frameworks",
				);
				PRODUCT_BUNDLE_IDENTIFIER = "com.the-neophyte.PaintUITests";
				PRODUCT_NAME = "$(TARGET_NAME)";
				SWIFT_VERSION = 4.0;
				TARGETED_DEVICE_FAMILY = "1,2";
				TEST_TARGET_NAME = Paint;
			};
			name = Debug;
		};
		C9F7D30A20C1C19D0000960B /* Release */ = {
			isa = XCBuildConfiguration;
			buildSettings = {
				ALWAYS_EMBED_SWIFT_STANDARD_LIBRARIES = YES;
				CODE_SIGN_STYLE = Automatic;
				DEVELOPMENT_TEAM = 6F8THZ2ZUB;
				INFOPLIST_FILE = PaintUITests/Info.plist;
				LD_RUNPATH_SEARCH_PATHS = (
					"$(inherited)",
					"@executable_path/Frameworks",
					"@loader_path/Frameworks",
				);
				PRODUCT_BUNDLE_IDENTIFIER = "com.the-neophyte.PaintUITests";
				PRODUCT_NAME = "$(TARGET_NAME)";
				SWIFT_VERSION = 4.0;
				TARGETED_DEVICE_FAMILY = "1,2";
				TEST_TARGET_NAME = Paint;
			};
			name = Release;
		};
/* End XCBuildConfiguration section */

/* Begin XCConfigurationList section */
		C9F7D2D520C1C1810000960B /* Build configuration list for PBXProject "Paint" */ = {
			isa = XCConfigurationList;
			buildConfigurations = (
				C9F7D30020C1C19D0000960B /* Debug */,
				C9F7D30120C1C19D0000960B /* Release */,
			);
			defaultConfigurationIsVisible = 0;
			defaultConfigurationName = Release;
		};
		C9F7D30220C1C19D0000960B /* Build configuration list for PBXNativeTarget "Paint" */ = {
			isa = XCConfigurationList;
			buildConfigurations = (
				C9F7D30320C1C19D0000960B /* Debug */,
				C9F7D30420C1C19D0000960B /* Release */,
			);
			defaultConfigurationIsVisible = 0;
			defaultConfigurationName = Release;
		};
		C9F7D30520C1C19D0000960B /* Build configuration list for PBXNativeTarget "PaintTests" */ = {
			isa = XCConfigurationList;
			buildConfigurations = (
				C9F7D30620C1C19D0000960B /* Debug */,
				C9F7D30720C1C19D0000960B /* Release */,
			);
			defaultConfigurationIsVisible = 0;
			defaultConfigurationName = Release;
		};
		C9F7D30820C1C19D0000960B /* Build configuration list for PBXNativeTarget "PaintUITests" */ = {
			isa = XCConfigurationList;
			buildConfigurations = (
				C9F7D30920C1C19D0000960B /* Debug */,
				C9F7D30A20C1C19D0000960B /* Release */,
			);
			defaultConfigurationIsVisible = 0;
			defaultConfigurationName = Release;
		};
/* End XCConfigurationList section */
	};
	rootObject = C9F7D2D220C1C1810000960B /* Project object */;
}
